
Microsoft Visual Studio Solution File, Format Version 12.00
# Visual Studio 2015
Project("{FAE04EC0-301F-11D3-BF4B-00C04F79EFBC}") = "NGX_TechTest.CSharp", "NGX_TechTest.CSharp.csproj", "{128E56E7-4BF9-7E23-2A81-A960F868CBC7}"
EndProject
Global
	GlobalSection(SolutionConfigurationPlatforms) = preSolution
		Debug|Any CPU = Debug|Any CPU
		Release|Any CPU = Release|Any CPU
	EndGlobalSection
	GlobalSection(ProjectConfigurationPlatforms) = postSolution
		{128E56E7-4BF9-7E23-2A81-A960F868CBC7}.Debug|Any CPU.ActiveCfg = Debug|Any CPU
		{128E56E7-4BF9-7E23-2A81-A960F868CBC7}.Debug|Any CPU.Build.0 = Debug|Any CPU
		{128E56E7-4BF9-7E23-2A81-A960F868CBC7}.Release|Any CPU.ActiveCfg = Release|Any CPU
		{128E56E7-4BF9-7E23-2A81-A960F868CBC7}.Release|Any CPU.Build.0 = Release|Any CPU
	EndGlobalSection
	GlobalSection(SolutionProperties) = preSolution
		HideSolutionNode = FALSE
	EndGlobalSection
EndGlobal
